{
    "_readme": [
        "This file locks the dependencies of your project to a known state",
        "Read more about it at http://getcomposer.org/doc/01-basic-usage.md#composer-lock-the-lock-file"
    ],
    "hash": "e9ab8621881d30a61f170b47c76529ed",
    "packages": [
        {
            "name": "keyteqlabs/keymedia-php",
            "version": "dev-master",
            "source": {
                "type": "git",
                "url": "https://github.com/KeyteqLabs/keymedia-php.git",
                "reference": "691544615655f76f3e890ad0527bdda715a3ec6b"
            },
            "dist": {
                "type": "zip",
                "url": "https://api.github.com/repos/KeyteqLabs/keymedia-php/zipball/691544615655f76f3e890ad0527bdda715a3ec6b",
                "reference": "691544615655f76f3e890ad0527bdda715a3ec6b",
                "shasum": ""
            },
            "require": {
                "ext-curl": "*",
                "php": ">=5.3.0",
                "rmccue/requests": ">=1.0"
            },
            "require-dev": {
                "mockery/mockery": "dev-master",
                "phpunit/phpunit": "3.7.*"
            },
            "type": "library",
            "autoload": {
                "psr-0": {
                    "Keyteq\\": [
                        "src/",
                        "tests/"
                    ],
                    "Requests": "library/"
                }
            },
            "license": [
                "MIT"
            ],
            "authors": [
                {
                    "name": "Jakub Zienkiewicz",
                    "email": "jakub.zienkiewicz@espeo.pl"
                }
            ],
            "description": "Keymedia API wrapper in PHP",
            "support": {
                "source": "https://github.com/KeyteqLabs/keymedia-php/tree/master",
                "issues": "https://github.com/KeyteqLabs/keymedia-php/issues"
            },
            "time": "2013-10-31 12:16:44"
        },
        {
            "name": "rmccue/requests",
            "version": "dev-master",
            "source": {
                "type": "git",
                "url": "https://github.com/rmccue/Requests.git",
                "reference": "756374edd59ac69268ed35481a506ebd4e732525"
            },
            "dist": {
                "type": "zip",
                "url": "https://api.github.com/repos/rmccue/Requests/zipball/756374edd59ac69268ed35481a506ebd4e732525",
                "reference": "756374edd59ac69268ed35481a506ebd4e732525",
                "shasum": ""
            },
            "require": {
                "php": ">=5.2"
            },
            "require-dev": {
                "satooshi/php-coveralls": "dev-master"
            },
            "type": "library",
            "autoload": {
                "psr-0": {
                    "Requests": "library/"
                }
            },
            "notification-url": "https://packagist.org/downloads/",
            "license": [
                "ISC"
            ],
            "authors": [
                {
                    "name": "Ryan McCue",
                    "homepage": "http://ryanmccue.info"
                }
            ],
            "description": "A HTTP library written in PHP, for human beings.",
            "homepage": "http://github.com/rmccue/Requests",
            "keywords": [
                "curl",
                "fsockopen",
                "http",
                "idna",
                "ipv6",
                "iri",
                "sockets"
            ],
            "time": "2013-10-06 13:30:32"
        }
    ],
    "packages-dev": [

    ],
    "aliases": [

    ],
    "minimum-stability": "dev",
    "stability-flags": [

    ],
    "platform": {
        "php": ">=5.3.0"
    },
    "platform-dev": [

    ]
}
